
Microsoft Visual Studio Solution File, Format Version 10.00
# Visual Studio 2008
Project("{FAE04EC0-301F-11D3-BF4B-00C04F79EFBC}") = "OnlineJudge", "OnlineJudge\OnlineJudge.csproj", "{7CF0D634-161D-4BDA-AC5F-6F589AED96CF}"
EndProject
Project("{E24C65DC-7377-472B-9ABA-BC803B73C61A}") = "OnlineJudge.Web", "OnlineJudge.Web\", "{C508E4AA-B9FC-4255-9F84-A5237F28FB88}"
	ProjectSection(WebsiteProperties) = preProject
		TargetFramework = "3.5"
		Debug.AspNetCompiler.VirtualPath = "/OnlineJudge.Web"
		Debug.AspNetCompiler.PhysicalPath = "OnlineJudge.Web\"
		Debug.AspNetCompiler.TargetPath = "PrecompiledWeb\OnlineJudge.Web\"
		Debug.AspNetCompiler.Updateable = "true"
		Debug.AspNetCompiler.ForceOverwrite = "true"
		Debug.AspNetCompiler.FixedNames = "false"
		Debug.AspNetCompiler.Debug = "True"
		Release.AspNetCompiler.VirtualPath = "/OnlineJudge.Web"
		Release.AspNetCompiler.PhysicalPath = "OnlineJudge.Web\"
		Release.AspNetCompiler.TargetPath = "PrecompiledWeb\OnlineJudge.Web\"
		Release.AspNetCompiler.Updateable = "true"
		Release.AspNetCompiler.ForceOverwrite = "true"
		Release.AspNetCompiler.FixedNames = "false"
		Release.AspNetCompiler.Debug = "False"
		VWDPort = "63008"
		DefaultWebSiteLanguage = "Visual C#"
		ProjOutputReferences = "{7CF0D634-161D-4BDA-AC5F-6F589AED96CF}|ClientBin|false;"
	EndProjectSection
EndProject
Global
	GlobalSection(SolutionConfigurationPlatforms) = preSolution
		Debug|Any CPU = Debug|Any CPU
		Release|Any CPU = Release|Any CPU
	EndGlobalSection
	GlobalSection(ProjectConfigurationPlatforms) = postSolution
		{7CF0D634-161D-4BDA-AC5F-6F589AED96CF}.Debug|Any CPU.ActiveCfg = Debug|Any CPU
		{7CF0D634-161D-4BDA-AC5F-6F589AED96CF}.Debug|Any CPU.Build.0 = Debug|Any CPU
		{7CF0D634-161D-4BDA-AC5F-6F589AED96CF}.Release|Any CPU.ActiveCfg = Release|Any CPU
		{7CF0D634-161D-4BDA-AC5F-6F589AED96CF}.Release|Any CPU.Build.0 = Release|Any CPU
		{C508E4AA-B9FC-4255-9F84-A5237F28FB88}.Debug|Any CPU.ActiveCfg = Debug|Any CPU
		{C508E4AA-B9FC-4255-9F84-A5237F28FB88}.Debug|Any CPU.Build.0 = Debug|Any CPU
		{C508E4AA-B9FC-4255-9F84-A5237F28FB88}.Release|Any CPU.ActiveCfg = Debug|Any CPU
		{C508E4AA-B9FC-4255-9F84-A5237F28FB88}.Release|Any CPU.Build.0 = Debug|Any CPU
	EndGlobalSection
	GlobalSection(SolutionProperties) = preSolution
		HideSolutionNode = FALSE
	EndGlobalSection
	GlobalSection(ExtensibilityGlobals) = postSolution
		VisualSVNWorkingCopyRoot = .
	EndGlobalSection
EndGlobal
